
Microsoft Visual Studio Solution File, Format Version 12.00
# Visual Studio Version 16
VisualStudioVersion = 16.0.29911.84
MinimumVisualStudioVersion = 10.0.40219.1
Project("{FAE04EC0-301F-11D3-BF4B-00C04F79EFBC}") = "APISmartClass", "APISmartClass\APISmartClass.csproj", "{E1ED6D48-488F-4362-B04D-5D8C64DA6853}"
EndProject
Project("{FAE04EC0-301F-11D3-BF4B-00C04F79EFBC}") = "SmartClass.Model", "SmartClass.Model\SmartClass.Model.csproj", "{8E4255B6-3AF4-41E0-948C-0071256B1977}"
EndProject
Project("{FAE04EC0-301F-11D3-BF4B-00C04F79EFBC}") = "SmartClass.BLL", "SmartClass.BLL\SmartClass.BLL.csproj", "{529F9A9F-D32D-45D0-B015-D82C2722396B}"
EndProject
Project("{FAE04EC0-301F-11D3-BF4B-00C04F79EFBC}") = "SmartClass.DAL", "SmartClass.DAL\SmartClass.DAL.csproj", "{9503832C-E0D1-4D8D-BA48-CB91E66782D5}"
EndProject
Global
	GlobalSection(SolutionConfigurationPlatforms) = preSolution
		Debug|Any CPU = Debug|Any CPU
		Release|Any CPU = Release|Any CPU
	EndGlobalSection
	GlobalSection(ProjectConfigurationPlatforms) = postSolution
		{E1ED6D48-488F-4362-B04D-5D8C64DA6853}.Debug|Any CPU.ActiveCfg = Debug|Any CPU
		{E1ED6D48-488F-4362-B04D-5D8C64DA6853}.Debug|Any CPU.Build.0 = Debug|Any CPU
		{E1ED6D48-488F-4362-B04D-5D8C64DA6853}.Release|Any CPU.ActiveCfg = Release|Any CPU
		{E1ED6D48-488F-4362-B04D-5D8C64DA6853}.Release|Any CPU.Build.0 = Release|Any CPU
		{8E4255B6-3AF4-41E0-948C-0071256B1977}.Debug|Any CPU.ActiveCfg = Debug|Any CPU
		{8E4255B6-3AF4-41E0-948C-0071256B1977}.Debug|Any CPU.Build.0 = Debug|Any CPU
		{8E4255B6-3AF4-41E0-948C-0071256B1977}.Release|Any CPU.ActiveCfg = Release|Any CPU
		{8E4255B6-3AF4-41E0-948C-0071256B1977}.Release|Any CPU.Build.0 = Release|Any CPU
		{529F9A9F-D32D-45D0-B015-D82C2722396B}.Debug|Any CPU.ActiveCfg = Debug|Any CPU
		{529F9A9F-D32D-45D0-B015-D82C2722396B}.Debug|Any CPU.Build.0 = Debug|Any CPU
		{529F9A9F-D32D-45D0-B015-D82C2722396B}.Release|Any CPU.ActiveCfg = Release|Any CPU
		{529F9A9F-D32D-45D0-B015-D82C2722396B}.Release|Any CPU.Build.0 = Release|Any CPU
		{9503832C-E0D1-4D8D-BA48-CB91E66782D5}.Debug|Any CPU.ActiveCfg = Debug|Any CPU
		{9503832C-E0D1-4D8D-BA48-CB91E66782D5}.Debug|Any CPU.Build.0 = Debug|Any CPU
		{9503832C-E0D1-4D8D-BA48-CB91E66782D5}.Release|Any CPU.ActiveCfg = Release|Any CPU
		{9503832C-E0D1-4D8D-BA48-CB91E66782D5}.Release|Any CPU.Build.0 = Release|Any CPU
	EndGlobalSection
	GlobalSection(SolutionProperties) = preSolution
		HideSolutionNode = FALSE
	EndGlobalSection
	GlobalSection(ExtensibilityGlobals) = postSolution
		SolutionGuid = {4D64288E-6D15-4DEF-B484-27FB9CE07DD5}
	EndGlobalSection
EndGlobal
